Microsoft Visual Studio Solution File, Format Version 12.00
# Visual Studio Version 17
VisualStudioVersion = 17.5.2.0
MinimumVisualStudioVersion = 10.0.40219.1
Project("{FAE04EC0-301F-11D3-BF4B-00C04F79EFBC}") = "FinSys", "FinSys.csproj", "{7FD0EFE3-0244-C146-A53D-EB1C85316FF3}"
EndProject
Global
	GlobalSection(SolutionConfigurationPlatforms) = preSolution
		Debug|Any CPU = Debug|Any CPU
		Release|Any CPU = Release|Any CPU
	EndGlobalSection
	GlobalSection(ProjectConfigurationPlatforms) = postSolution
		{7FD0EFE3-0244-C146-A53D-EB1C85316FF3}.Debug|Any CPU.ActiveCfg = Debug|Any CPU
		{7FD0EFE3-0244-C146-A53D-EB1C85316FF3}.Debug|Any CPU.Build.0 = Debug|Any CPU
		{7FD0EFE3-0244-C146-A53D-EB1C85316FF3}.Release|Any CPU.ActiveCfg = Release|Any CPU
		{7FD0EFE3-0244-C146-A53D-EB1C85316FF3}.Release|Any CPU.Build.0 = Release|Any CPU
	EndGlobalSection
	GlobalSection(SolutionProperties) = preSolution
		HideSolutionNode = FALSE
	EndGlobalSection
	GlobalSection(ExtensibilityGlobals) = postSolution
		SolutionGuid = {F7371A13-8F7A-40A8-9608-04424AB05297}
	EndGlobalSection
EndGlobal
